
Microsoft Visual Studio Solution File, Format Version 12.00
# Visual Studio Version 16
VisualStudioVersion = 16.0.29905.134
MinimumVisualStudioVersion = 10.0.40219.1
Project("{FAE04EC0-301F-11D3-BF4B-00C04F79EFBC}") = "UI", "UI\UI.csproj", "{35800F13-BA30-4487-BA49-B7424B862C19}"
EndProject
Project("{FAE04EC0-301F-11D3-BF4B-00C04F79EFBC}") = "Curves", "Curves\Curves.csproj", "{216F55A5-92C9-4657-81A3-CA3728D8FC99}"
EndProject
Global
	GlobalSection(SolutionConfigurationPlatforms) = preSolution
		Debug|Any CPU = Debug|Any CPU
		Release|Any CPU = Release|Any CPU
	EndGlobalSection
	GlobalSection(ProjectConfigurationPlatforms) = postSolution
		{35800F13-BA30-4487-BA49-B7424B862C19}.Debug|Any CPU.ActiveCfg = Debug|Any CPU
		{35800F13-BA30-4487-BA49-B7424B862C19}.Debug|Any CPU.Build.0 = Debug|Any CPU
		{35800F13-BA30-4487-BA49-B7424B862C19}.Release|Any CPU.ActiveCfg = Release|Any CPU
		{35800F13-BA30-4487-BA49-B7424B862C19}.Release|Any CPU.Build.0 = Release|Any CPU
		{216F55A5-92C9-4657-81A3-CA3728D8FC99}.Debug|Any CPU.ActiveCfg = Debug|Any CPU
		{216F55A5-92C9-4657-81A3-CA3728D8FC99}.Debug|Any CPU.Build.0 = Debug|Any CPU
		{216F55A5-92C9-4657-81A3-CA3728D8FC99}.Release|Any CPU.ActiveCfg = Release|Any CPU
		{216F55A5-92C9-4657-81A3-CA3728D8FC99}.Release|Any CPU.Build.0 = Release|Any CPU
	EndGlobalSection
	GlobalSection(SolutionProperties) = preSolution
		HideSolutionNode = FALSE
	EndGlobalSection
	GlobalSection(ExtensibilityGlobals) = postSolution
		SolutionGuid = {D2948121-2060-4456-92AB-7C1E450493DA}
	EndGlobalSection
EndGlobal
